{
  "name": "tweet-metrics-app",
  "version": "0.1.0",
  "lockfileVersion": 3,
  "requires": true,
  "packages": {
    "": {
      "name": "tweet-metrics-app",
      "version": "0.1.0",
      "hasInstallScript": true,
      "dependencies": {
        "zustand": "^4.4.7"
      }
    },
    "node_modules/zustand": {
      "version": "4.4.7",
      "resolved": "https://registry.npmjs.org/zustand/-/zustand-4.4.7.tgz",
      "integrity": "sha512-bqNZP04RgHWjXvmkZhI3RZYyPBYvJeQ9mYh1r7Ib7fzkWxQ8YjNJXP0uOYvzGjFYXABlrPyGuNYMcbIFfMccg==",
      "dependencies": {
        "use-sync-external-store": "1.2.0"
      },
      "engines": {
        "node": ">=12.7.0"
      },
      "peerDependencies": {
        "@types/react": ">=16.8",
        "react": ">=16.8"
      },
      "peerDependenciesMeta": {
        "@types/react": {
          "optional": true
        }
      }
    }
  }
}